
Microsoft Visual Studio Solution File, Format Version 12.00
# Visual Studio Version 17
VisualStudioVersion = 17.14.36623.8 d17.14
MinimumVisualStudioVersion = 10.0.40219.1
Project("{FAE04EC0-301F-11D3-BF4B-00C04F79EFBC}") = "exercise_5_garage_1.0", "exercise_5_garage_1.0\exercise_5_garage_1.0.csproj", "{12794D39-E109-4751-B877-527D13BA993F}"
EndProject
Global
	GlobalSection(SolutionConfigurationPlatforms) = preSolution
		Debug|Any CPU = Debug|Any CPU
		Release|Any CPU = Release|Any CPU
	EndGlobalSection
	GlobalSection(ProjectConfigurationPlatforms) = postSolution
		{12794D39-E109-4751-B877-527D13BA993F}.Debug|Any CPU.ActiveCfg = Debug|Any CPU
		{12794D39-E109-4751-B877-527D13BA993F}.Debug|Any CPU.Build.0 = Debug|Any CPU
		{12794D39-E109-4751-B877-527D13BA993F}.Release|Any CPU.ActiveCfg = Release|Any CPU
		{12794D39-E109-4751-B877-527D13BA993F}.Release|Any CPU.Build.0 = Release|Any CPU
	EndGlobalSection
	GlobalSection(SolutionProperties) = preSolution
		HideSolutionNode = FALSE
	EndGlobalSection
	GlobalSection(ExtensibilityGlobals) = postSolution
		SolutionGuid = {4FEF8578-3095-45D3-85B9-1626B7684A60}
	EndGlobalSection
EndGlobal
